
Microsoft Visual Studio Solution File, Format Version 12.00
# Visual Studio 14
VisualStudioVersion = 14.0.25420.1
MinimumVisualStudioVersion = 10.0.40219.1
Project("{FAE04EC0-301F-11D3-BF4B-00C04F79EFBC}") = "STG_RestaurantBuzzer.Droid", "STG_RestaurantBuzzer\STG_RestaurantBuzzer.Droid\STG_RestaurantBuzzer.Droid.csproj", "{B1F2C01A-C752-44D7-9EF3-9A6361F82341}"
EndProject
Project("{FAE04EC0-301F-11D3-BF4B-00C04F79EFBC}") = "STG_RestaurantBuzzer.iOS", "STG_RestaurantBuzzer\STG_RestaurantBuzzer.iOS\STG_RestaurantBuzzer.iOS.csproj", "{02A6CC61-D896-4D8B-929B-714FE5650572}"
EndProject
Project("{FAE04EC0-301F-11D3-BF4B-00C04F79EFBC}") = "STG_RestaurantBuzzer.WinPhone", "STG_RestaurantBuzzer\STG_RestaurantBuzzer.WinPhone\STG_RestaurantBuzzer.WinPhone.csproj", "{C181EB68-0BB8-401E-9F6E-C1F4704DC7E6}"
EndProject
Project("{FAE04EC0-301F-11D3-BF4B-00C04F79EFBC}") = "STG_RestaurantBuzzer.Windows", "STG_RestaurantBuzzer\STG_RestaurantBuzzer.Windows\STG_RestaurantBuzzer.Windows.csproj", "{6C7E5C01-8A2B-4C36-AE70-54CBD55F9196}"
EndProject
Project("{FAE04EC0-301F-11D3-BF4B-00C04F79EFBC}") = "STG_RestaurantBuzzer", "STG_RestaurantBuzzer\STG_RestaurantBuzzer\STG_RestaurantBuzzer.csproj", "{793B9F68-A614-4A2D-A0E3-C0669D074571}"
EndProject
Global
	GlobalSection(SolutionConfigurationPlatforms) = preSolution
		Ad-Hoc|Any CPU = Ad-Hoc|Any CPU
		Ad-Hoc|ARM = Ad-Hoc|ARM
		Ad-Hoc|iPhone = Ad-Hoc|iPhone
		Ad-Hoc|iPhoneSimulator = Ad-Hoc|iPhoneSimulator
		Ad-Hoc|x64 = Ad-Hoc|x64
		Ad-Hoc|x86 = Ad-Hoc|x86
		AppStore|Any CPU = AppStore|Any CPU
		AppStore|ARM = AppStore|ARM
		AppStore|iPhone = AppStore|iPhone
		AppStore|iPhoneSimulator = AppStore|iPhoneSimulator
		AppStore|x64 = AppStore|x64
		AppStore|x86 = AppStore|x86
		Debug|Any CPU = Debug|Any CPU
		Debug|ARM = Debug|ARM
		Debug|iPhone = Debug|iPhone
		Debug|iPhoneSimulator = Debug|iPhoneSimulator
		Debug|x64 = Debug|x64
		Debug|x86 = Debug|x86
		Release|Any CPU = Release|Any CPU
		Release|ARM = Release|ARM
		Release|iPhone = Release|iPhone
		Release|iPhoneSimulator = Release|iPhoneSimulator
		Release|x64 = Release|x64
		Release|x86 = Release|x86
	EndGlobalSection
	GlobalSection(ProjectConfigurationPlatforms) = postSolution
		{B1F2C01A-C752-44D7-9EF3-9A6361F82341}.Ad-Hoc|Any CPU.ActiveCfg = Release|Any CPU
		{B1F2C01A-C752-44D7-9EF3-9A6361F82341}.Ad-Hoc|Any CPU.Build.0 = Release|Any CPU
		{B1F2C01A-C752-44D7-9EF3-9A6361F82341}.Ad-Hoc|Any CPU.Deploy.0 = Release|Any CPU
		{B1F2C01A-C752-44D7-9EF3-9A6361F82341}.Ad-Hoc|ARM.ActiveCfg = Release|Any CPU
		{B1F2C01A-C752-44D7-9EF3-9A6361F82341}.Ad-Hoc|ARM.Build.0 = Release|Any CPU
		{B1F2C01A-C752-44D7-9EF3-9A6361F82341}.Ad-Hoc|ARM.Deploy.0 = Release|Any CPU
		{B1F2C01A-C752-44D7-9EF3-9A6361F82341}.Ad-Hoc|iPhone.ActiveCfg = Release|Any CPU
		{B1F2C01A-C752-44D7-9EF3-9A6361F82341}.Ad-Hoc|iPhone.Build.0 = Release|Any CPU
		{B1F2C01A-C752-44D7-9EF3-9A6361F82341}.Ad-Hoc|iPhone.Deploy.0 = Release|Any CPU
		{B1F2C01A-C752-44D7-9EF3-9A6361F82341}.Ad-Hoc|iPhoneSimulator.ActiveCfg = Release|Any CPU
		{B1F2C01A-C752-44D7-9EF3-9A6361F82341}.Ad-Hoc|iPhoneSimulator.Build.0 = Release|Any CPU
		{B1F2C01A-C752-44D7-9EF3-9A6361F82341}.Ad-Hoc|iPhoneSimulator.Deploy.0 = Release|Any CPU
		{B1F2C01A-C752-44D7-9EF3-9A6361F82341}.Ad-Hoc|x64.ActiveCfg = Release|Any CPU
		{B1F2C01A-C752-44D7-9EF3-9A6361F82341}.Ad-Hoc|x64.Build.0 = Release|Any CPU
		{B1F2C01A-C752-44D7-9EF3-9A6361F82341}.Ad-Hoc|x64.Deploy.0 = Release|Any CPU
		{B1F2C01A-C752-44D7-9EF3-9A6361F82341}.Ad-Hoc|x86.ActiveCfg = Release|Any CPU
		{B1F2C01A-C752-44D7-9EF3-9A6361F82341}.Ad-Hoc|x86.Build.0 = Release|Any CPU
		{B1F2C01A-C752-44D7-9EF3-9A6361F82341}.Ad-Hoc|x86.Deploy.0 = Release|Any CPU
		{B1F2C01A-C752-44D7-9EF3-9A6361F82341}.AppStore|Any CPU.ActiveCfg = Release|Any CPU
		{B1F2C01A-C752-44D7-9EF3-9A6361F82341}.AppStore|Any CPU.Build.0 = Release|Any CPU
		{B1F2C01A-C752-44D7-9EF3-9A6361F82341}.AppStore|Any CPU.Deploy.0 = Release|Any CPU
		{B1F2C01A-C752-44D7-9EF3-9A6361F82341}.AppStore|ARM.ActiveCfg = Release|Any CPU
		{B1F2C01A-C752-44D7-9EF3-9A6361F82341}.AppStore|ARM.Build.0 = Release|Any CPU
		{B1F2C01A-C752-44D7-9EF3-9A6361F82341}.AppStore|ARM.Deploy.0 = Release|Any CPU
		{B1F2C01A-C752-44D7-9EF3-9A6361F82341}.AppStore|iPhone.ActiveCfg = Release|Any CPU
		{B1F2C01A-C752-44D7-9EF3-9A6361F82341}.AppStore|iPhone.Build.0 = Release|Any CPU
		{B1F2C01A-C752-44D7-9EF3-9A6361F82341}.AppStore|iPhone.Deploy.0 = Release|Any CPU
		{B1F2C01A-C752-44D7-9EF3-9A6361F82341}.AppStore|iPhoneSimulator.ActiveCfg = Release|Any CPU
		{B1F2C01A-C752-44D7-9EF3-9A6361F82341}.AppStore|iPhoneSimulator.Build.0 = Release|Any CPU
		{B1F2C01A-C752-44D7-9EF3-9A6361F82341}.AppStore|iPhoneSimulator.Deploy.0 = Release|Any CPU
		{B1F2C01A-C752-44D7-9EF3-9A6361F82341}.AppStore|x64.ActiveCfg = Release|Any CPU
		{B1F2C01A-C752-44D7-9EF3-9A6361F82341}.AppStore|x64.Build.0 = Release|Any CPU
		{B1F2C01A-C752-44D7-9EF3-9A6361F82341}.AppStore|x64.Deploy.0 = Release|Any CPU
		{B1F2C01A-C752-44D7-9EF3-9A6361F82341}.AppStore|x86.ActiveCfg = Release|Any CPU
		{B1F2C01A-C752-44D7-9EF3-9A6361F82341}.AppStore|x86.Build.0 = Release|Any CPU
		{B1F2C01A-C752-44D7-9EF3-9A6361F82341}.AppStore|x86.Deploy.0 = Release|Any CPU
		{B1F2C01A-C752-44D7-9EF3-9A6361F82341}.Debug|Any CPU.ActiveCfg = Debug|Any CPU
		{B1F2C01A-C752-44D7-9EF3-9A6361F82341}.Debug|Any CPU.Build.0 = Debug|Any CPU
		{B1F2C01A-C752-44D7-9EF3-9A6361F82341}.Debug|Any CPU.Deploy.0 = Debug|Any CPU
		{B1F2C01A-C752-44D7-9EF3-9A6361F82341}.Debug|ARM.ActiveCfg = Debug|Any CPU
		{B1F2C01A-C752-44D7-9EF3-9A6361F82341}.Debug|ARM.Build.0 = Debug|Any CPU
		{B1F2C01A-C752-44D7-9EF3-9A6361F82341}.Debug|ARM.Deploy.0 = Debug|Any CPU
		{B1F2C01A-C752-44D7-9EF3-9A6361F82341}.Debug|iPhone.ActiveCfg = Debug|Any CPU
		{B1F2C01A-C752-44D7-9EF3-9A6361F82341}.Debug|iPhone.Build.0 = Debug|Any CPU
		{B1F2C01A-C752-44D7-9EF3-9A6361F82341}.Debug|iPhone.Deploy.0 = Debug|Any CPU
		{B1F2C01A-C752-44D7-9EF3-9A6361F82341}.Debug|iPhoneSimulator.ActiveCfg = Debug|Any CPU
		{B1F2C01A-C752-44D7-9EF3-9A6361F82341}.Debug|iPhoneSimulator.Build.0 = Debug|Any CPU
		{B1F2C01A-C752-44D7-9EF3-9A6361F82341}.Debug|iPhoneSimulator.Deploy.0 = Debug|Any CPU
		{B1F2C01A-C752-44D7-9EF3-9A6361F82341}.Debug|x64.ActiveCfg = Debug|Any CPU
		{B1F2C01A-C752-44D7-9EF3-9A6361F82341}.Debug|x64.Build.0 = Debug|Any CPU
		{B1F2C01A-C752-44D7-9EF3-9A6361F82341}.Debug|x64.Deploy.0 = Debug|Any CPU
		{B1F2C01A-C752-44D7-9EF3-9A6361F82341}.Debug|x86.ActiveCfg = Debug|Any CPU
		{B1F2C01A-C752-44D7-9EF3-9A6361F82341}.Debug|x86.Build.0 = Debug|Any CPU
		{B1F2C01A-C752-44D7-9EF3-9A6361F82341}.Debug|x86.Deploy.0 = Debug|Any CPU
		{B1F2C01A-C752-44D7-9EF3-9A6361F82341}.Release|Any CPU.ActiveCfg = Release|Any CPU
		{B1F2C01A-C752-44D7-9EF3-9A6361F82341}.Release|Any CPU.Build.0 = Release|Any CPU
		{B1F2C01A-C752-44D7-9EF3-9A6361F82341}.Release|Any CPU.Deploy.0 = Release|Any CPU
		{B1F2C01A-C752-44D7-9EF3-9A6361F82341}.Release|ARM.ActiveCfg = Release|Any CPU
		{B1F2C01A-C752-44D7-9EF3-9A6361F82341}.Release|ARM.Build.0 = Release|Any CPU
		{B1F2C01A-C752-44D7-9EF3-9A6361F82341}.Release|ARM.Deploy.0 = Release|Any CPU
		{B1F2C01A-C752-44D7-9EF3-9A6361F82341}.Release|iPhone.ActiveCfg = Release|Any CPU
		{B1F2C01A-C752-44D7-9EF3-9A6361F82341}.Release|iPhone.Build.0 = Release|Any CPU
		{B1F2C01A-C752-44D7-9EF3-9A6361F82341}.Release|iPhone.Deploy.0 = Release|Any CPU
		{B1F2C01A-C752-44D7-9EF3-9A6361F82341}.Release|iPhoneSimulator.ActiveCfg = Release|Any CPU
		{B1F2C01A-C752-44D7-9EF3-9A6361F82341}.Release|iPhoneSimulator.Build.0 = Release|Any CPU
		{B1F2C01A-C752-44D7-9EF3-9A6361F82341}.Release|iPhoneSimulator.Deploy.0 = Release|Any CPU
		{B1F2C01A-C752-44D7-9EF3-9A6361F82341}.Release|x64.ActiveCfg = Release|Any CPU
		{B1F2C01A-C752-44D7-9EF3-9A6361F82341}.Release|x64.Build.0 = Release|Any CPU
		{B1F2C01A-C752-44D7-9EF3-9A6361F82341}.Release|x64.Deploy.0 = Release|Any CPU
		{B1F2C01A-C752-44D7-9EF3-9A6361F82341}.Release|x86.ActiveCfg = Release|Any CPU
		{B1F2C01A-C752-44D7-9EF3-9A6361F82341}.Release|x86.Build.0 = Release|Any CPU
		{B1F2C01A-C752-44D7-9EF3-9A6361F82341}.Release|x86.Deploy.0 = Release|Any CPU
		{02A6CC61-D896-4D8B-929B-714FE5650572}.Ad-Hoc|Any CPU.ActiveCfg = Ad-Hoc|iPhone
		{02A6CC61-D896-4D8B-929B-714FE5650572}.Ad-Hoc|ARM.ActiveCfg = Ad-Hoc|iPhone
		{02A6CC61-D896-4D8B-929B-714FE5650572}.Ad-Hoc|iPhone.ActiveCfg = Ad-Hoc|iPhone
		{02A6CC61-D896-4D8B-929B-714FE5650572}.Ad-Hoc|iPhone.Build.0 = Ad-Hoc|iPhone
		{02A6CC61-D896-4D8B-929B-714FE5650572}.Ad-Hoc|iPhoneSimulator.ActiveCfg = Ad-Hoc|iPhoneSimulator
		{02A6CC61-D896-4D8B-929B-714FE5650572}.Ad-Hoc|iPhoneSimulator.Build.0 = Ad-Hoc|iPhoneSimulator
		{02A6CC61-D896-4D8B-929B-714FE5650572}.Ad-Hoc|x64.ActiveCfg = Ad-Hoc|iPhone
		{02A6CC61-D896-4D8B-929B-714FE5650572}.Ad-Hoc|x86.ActiveCfg = Ad-Hoc|iPhone
		{02A6CC61-D896-4D8B-929B-714FE5650572}.AppStore|Any CPU.ActiveCfg = AppStore|iPhone
		{02A6CC61-D896-4D8B-929B-714FE5650572}.AppStore|ARM.ActiveCfg = AppStore|iPhone
		{02A6CC61-D896-4D8B-929B-714FE5650572}.AppStore|iPhone.ActiveCfg = AppStore|iPhone
		{02A6CC61-D896-4D8B-929B-714FE5650572}.AppStore|iPhone.Build.0 = AppStore|iPhone
		{02A6CC61-D896-4D8B-929B-714FE5650572}.AppStore|iPhoneSimulator.ActiveCfg = AppStore|iPhoneSimulator
		{02A6CC61-D896-4D8B-929B-714FE5650572}.AppStore|iPhoneSimulator.Build.0 = AppStore|iPhoneSimulator
		{02A6CC61-D896-4D8B-929B-714FE5650572}.AppStore|x64.ActiveCfg = AppStore|iPhone
		{02A6CC61-D896-4D8B-929B-714FE5650572}.AppStore|x86.ActiveCfg = AppStore|iPhone
		{02A6CC61-D896-4D8B-929B-714FE5650572}.Debug|Any CPU.ActiveCfg = Debug|iPhone
		{02A6CC61-D896-4D8B-929B-714FE5650572}.Debug|ARM.ActiveCfg = Debug|iPhone
		{02A6CC61-D896-4D8B-929B-714FE5650572}.Debug|iPhone.ActiveCfg = Debug|iPhone
		{02A6CC61-D896-4D8B-929B-714FE5650572}.Debug|iPhone.Build.0 = Debug|iPhone
		{02A6CC61-D896-4D8B-929B-714FE5650572}.Debug|iPhoneSimulator.ActiveCfg = Debug|iPhoneSimulator
		{02A6CC61-D896-4D8B-929B-714FE5650572}.Debug|iPhoneSimulator.Build.0 = Debug|iPhoneSimulator
		{02A6CC61-D896-4D8B-929B-714FE5650572}.Debug|x64.ActiveCfg = Debug|iPhone
		{02A6CC61-D896-4D8B-929B-714FE5650572}.Debug|x86.ActiveCfg = Debug|iPhone
		{02A6CC61-D896-4D8B-929B-714FE5650572}.Release|Any CPU.ActiveCfg = Release|iPhone
		{02A6CC61-D896-4D8B-929B-714FE5650572}.Release|ARM.ActiveCfg = Release|iPhone
		{02A6CC61-D896-4D8B-929B-714FE5650572}.Release|iPhone.ActiveCfg = Release|iPhone
		{02A6CC61-D896-4D8B-929B-714FE5650572}.Release|iPhone.Build.0 = Release|iPhone
		{02A6CC61-D896-4D8B-929B-714FE5650572}.Release|iPhoneSimulator.ActiveCfg = Release|iPhoneSimulator
		{02A6CC61-D896-4D8B-929B-714FE5650572}.Release|iPhoneSimulator.Build.0 = Release|iPhoneSimulator
		{02A6CC61-D896-4D8B-929B-714FE5650572}.Release|x64.ActiveCfg = Release|iPhone
		{02A6CC61-D896-4D8B-929B-714FE5650572}.Release|x86.ActiveCfg = Release|iPhone
		{C181EB68-0BB8-401E-9F6E-C1F4704DC7E6}.Ad-Hoc|Any CPU.ActiveCfg = Release|Any CPU
		{C181EB68-0BB8-401E-9F6E-C1F4704DC7E6}.Ad-Hoc|Any CPU.Build.0 = Release|Any CPU
		{C181EB68-0BB8-401E-9F6E-C1F4704DC7E6}.Ad-Hoc|Any CPU.Deploy.0 = Release|Any CPU
		{C181EB68-0BB8-401E-9F6E-C1F4704DC7E6}.Ad-Hoc|ARM.ActiveCfg = Release|ARM
		{C181EB68-0BB8-401E-9F6E-C1F4704DC7E6}.Ad-Hoc|ARM.Build.0 = Release|ARM
		{C181EB68-0BB8-401E-9F6E-C1F4704DC7E6}.Ad-Hoc|ARM.Deploy.0 = Release|ARM
		{C181EB68-0BB8-401E-9F6E-C1F4704DC7E6}.Ad-Hoc|iPhone.ActiveCfg = Release|Any CPU
		{C181EB68-0BB8-401E-9F6E-C1F4704DC7E6}.Ad-Hoc|iPhone.Build.0 = Release|Any CPU
		{C181EB68-0BB8-401E-9F6E-C1F4704DC7E6}.Ad-Hoc|iPhone.Deploy.0 = Release|Any CPU
		{C181EB68-0BB8-401E-9F6E-C1F4704DC7E6}.Ad-Hoc|iPhoneSimulator.ActiveCfg = Release|Any CPU
		{C181EB68-0BB8-401E-9F6E-C1F4704DC7E6}.Ad-Hoc|iPhoneSimulator.Build.0 = Release|Any CPU
		{C181EB68-0BB8-401E-9F6E-C1F4704DC7E6}.Ad-Hoc|iPhoneSimulator.Deploy.0 = Release|Any CPU
		{C181EB68-0BB8-401E-9F6E-C1F4704DC7E6}.Ad-Hoc|x64.ActiveCfg = Release|Any CPU
		{C181EB68-0BB8-401E-9F6E-C1F4704DC7E6}.Ad-Hoc|x64.Build.0 = Release|Any CPU
		{C181EB68-0BB8-401E-9F6E-C1F4704DC7E6}.Ad-Hoc|x64.Deploy.0 = Release|Any CPU
		{C181EB68-0BB8-401E-9F6E-C1F4704DC7E6}.Ad-Hoc|x86.ActiveCfg = Release|x86
		{C181EB68-0BB8-401E-9F6E-C1F4704DC7E6}.Ad-Hoc|x86.Build.0 = Release|x86
		{C181EB68-0BB8-401E-9F6E-C1F4704DC7E6}.Ad-Hoc|x86.Deploy.0 = Release|x86
		{C181EB68-0BB8-401E-9F6E-C1F4704DC7E6}.AppStore|Any CPU.ActiveCfg = Release|Any CPU
		{C181EB68-0BB8-401E-9F6E-C1F4704DC7E6}.AppStore|Any CPU.Build.0 = Release|Any CPU
		{C181EB68-0BB8-401E-9F6E-C1F4704DC7E6}.AppStore|Any CPU.Deploy.0 = Release|Any CPU
		{C181EB68-0BB8-401E-9F6E-C1F4704DC7E6}.AppStore|ARM.ActiveCfg = Release|ARM
		{C181EB68-0BB8-401E-9F6E-C1F4704DC7E6}.AppStore|ARM.Build.0 = Release|ARM
		{C181EB68-0BB8-401E-9F6E-C1F4704DC7E6}.AppStore|ARM.Deploy.0 = Release|ARM
		{C181EB68-0BB8-401E-9F6E-C1F4704DC7E6}.AppStore|iPhone.ActiveCfg = Release|Any CPU
		{C181EB68-0BB8-401E-9F6E-C1F4704DC7E6}.AppStore|iPhone.Build.0 = Release|Any CPU
		{C181EB68-0BB8-401E-9F6E-C1F4704DC7E6}.AppStore|iPhone.Deploy.0 = Release|Any CPU
		{C181EB68-0BB8-401E-9F6E-C1F4704DC7E6}.AppStore|iPhoneSimulator.ActiveCfg = Release|Any CPU
		{C181EB68-0BB8-401E-9F6E-C1F4704DC7E6}.AppStore|iPhoneSimulator.Build.0 = Release|Any CPU
		{C181EB68-0BB8-401E-9F6E-C1F4704DC7E6}.AppStore|iPhoneSimulator.Deploy.0 = Release|Any CPU
		{C181EB68-0BB8-401E-9F6E-C1F4704DC7E6}.AppStore|x64.ActiveCfg = Release|Any CPU
		{C181EB68-0BB8-401E-9F6E-C1F4704DC7E6}.AppStore|x64.Build.0 = Release|Any CPU
		{C181EB68-0BB8-401E-9F6E-C1F4704DC7E6}.AppStore|x64.Deploy.0 = Release|Any CPU
		{C181EB68-0BB8-401E-9F6E-C1F4704DC7E6}.AppStore|x86.ActiveCfg = Release|x86
		{C181EB68-0BB8-401E-9F6E-C1F4704DC7E6}.AppStore|x86.Build.0 = Release|x86
		{C181EB68-0BB8-401E-9F6E-C1F4704DC7E6}.AppStore|x86.Deploy.0 = Release|x86
		{C181EB68-0BB8-401E-9F6E-C1F4704DC7E6}.Debug|Any CPU.ActiveCfg = Debug|Any CPU
		{C181EB68-0BB8-401E-9F6E-C1F4704DC7E6}.Debug|Any CPU.Build.0 = Debug|Any CPU
		{C181EB68-0BB8-401E-9F6E-C1F4704DC7E6}.Debug|Any CPU.Deploy.0 = Debug|Any CPU
		{C181EB68-0BB8-401E-9F6E-C1F4704DC7E6}.Debug|ARM.ActiveCfg = Debug|ARM
		{C181EB68-0BB8-401E-9F6E-C1F4704DC7E6}.Debug|ARM.Build.0 = Debug|ARM
		{C181EB68-0BB8-401E-9F6E-C1F4704DC7E6}.Debug|ARM.Deploy.0 = Debug|ARM
		{C181EB68-0BB8-401E-9F6E-C1F4704DC7E6}.Debug|iPhone.ActiveCfg = Debug|Any CPU
		{C181EB68-0BB8-401E-9F6E-C1F4704DC7E6}.Debug|iPhone.Build.0 = Debug|Any CPU
		{C181EB68-0BB8-401E-9F6E-C1F4704DC7E6}.Debug|iPhone.Deploy.0 = Debug|Any CPU
		{C181EB68-0BB8-401E-9F6E-C1F4704DC7E6}.Debug|iPhoneSimulator.ActiveCfg = Debug|Any CPU
		{C181EB68-0BB8-401E-9F6E-C1F4704DC7E6}.Debug|iPhoneSimulator.Build.0 = Debug|Any CPU
		{C181EB68-0BB8-401E-9F6E-C1F4704DC7E6}.Debug|iPhoneSimulator.Deploy.0 = Debug|Any CPU
		{C181EB68-0BB8-401E-9F6E-C1F4704DC7E6}.Debug|x64.ActiveCfg = Debug|Any CPU
		{C181EB68-0BB8-401E-9F6E-C1F4704DC7E6}.Debug|x64.Build.0 = Debug|Any CPU
		{C181EB68-0BB8-401E-9F6E-C1F4704DC7E6}.Debug|x64.Deploy.0 = Debug|Any CPU
		{C181EB68-0BB8-401E-9F6E-C1F4704DC7E6}.Debug|x86.ActiveCfg = Debug|x86
		{C181EB68-0BB8-401E-9F6E-C1F4704DC7E6}.Debug|x86.Build.0 = Debug|x86
		{C181EB68-0BB8-401E-9F6E-C1F4704DC7E6}.Debug|x86.Deploy.0 = Debug|x86
		{C181EB68-0BB8-401E-9F6E-C1F4704DC7E6}.Release|Any CPU.ActiveCfg = Release|Any CPU
		{C181EB68-0BB8-401E-9F6E-C1F4704DC7E6}.Release|Any CPU.Build.0 = Release|Any CPU
		{C181EB68-0BB8-401E-9F6E-C1F4704DC7E6}.Release|Any CPU.Deploy.0 = Release|Any CPU
		{C181EB68-0BB8-401E-9F6E-C1F4704DC7E6}.Release|ARM.ActiveCfg = Release|ARM
		{C181EB68-0BB8-401E-9F6E-C1F4704DC7E6}.Release|ARM.Build.0 = Release|ARM
		{C181EB68-0BB8-401E-9F6E-C1F4704DC7E6}.Release|ARM.Deploy.0 = Release|ARM
		{C181EB68-0BB8-401E-9F6E-C1F4704DC7E6}.Release|iPhone.ActiveCfg = Release|Any CPU
		{C181EB68-0BB8-401E-9F6E-C1F4704DC7E6}.Release|iPhone.Build.0 = Release|Any CPU
		{C181EB68-0BB8-401E-9F6E-C1F4704DC7E6}.Release|iPhone.Deploy.0 = Release|Any CPU
		{C181EB68-0BB8-401E-9F6E-C1F4704DC7E6}.Release|iPhoneSimulator.ActiveCfg = Release|Any CPU
		{C181EB68-0BB8-401E-9F6E-C1F4704DC7E6}.Release|iPhoneSimulator.Build.0 = Release|Any CPU
		{C181EB68-0BB8-401E-9F6E-C1F4704DC7E6}.Release|iPhoneSimulator.Deploy.0 = Release|Any CPU
		{C181EB68-0BB8-401E-9F6E-C1F4704DC7E6}.Release|x64.ActiveCfg = Release|Any CPU
		{C181EB68-0BB8-401E-9F6E-C1F4704DC7E6}.Release|x64.Build.0 = Release|Any CPU
		{C181EB68-0BB8-401E-9F6E-C1F4704DC7E6}.Release|x64.Deploy.0 = Release|Any CPU
		{C181EB68-0BB8-401E-9F6E-C1F4704DC7E6}.Release|x86.ActiveCfg = Release|x86
		{C181EB68-0BB8-401E-9F6E-C1F4704DC7E6}.Release|x86.Build.0 = Release|x86
		{C181EB68-0BB8-401E-9F6E-C1F4704DC7E6}.Release|x86.Deploy.0 = Release|x86
		{6C7E5C01-8A2B-4C36-AE70-54CBD55F9196}.Ad-Hoc|Any CPU.ActiveCfg = Release|Any CPU
		{6C7E5C01-8A2B-4C36-AE70-54CBD55F9196}.Ad-Hoc|Any CPU.Build.0 = Release|Any CPU
		{6C7E5C01-8A2B-4C36-AE70-54CBD55F9196}.Ad-Hoc|Any CPU.Deploy.0 = Release|Any CPU
		{6C7E5C01-8A2B-4C36-AE70-54CBD55F9196}.Ad-Hoc|ARM.ActiveCfg = Release|ARM
		{6C7E5C01-8A2B-4C36-AE70-54CBD55F9196}.Ad-Hoc|ARM.Build.0 = Release|ARM
		{6C7E5C01-8A2B-4C36-AE70-54CBD55F9196}.Ad-Hoc|ARM.Deploy.0 = Release|ARM
		{6C7E5C01-8A2B-4C36-AE70-54CBD55F9196}.Ad-Hoc|iPhone.ActiveCfg = Release|Any CPU
		{6C7E5C01-8A2B-4C36-AE70-54CBD55F9196}.Ad-Hoc|iPhone.Build.0 = Release|Any CPU
		{6C7E5C01-8A2B-4C36-AE70-54CBD55F9196}.Ad-Hoc|iPhone.Deploy.0 = Release|Any CPU
		{6C7E5C01-8A2B-4C36-AE70-54CBD55F9196}.Ad-Hoc|iPhoneSimulator.ActiveCfg = Release|Any CPU
		{6C7E5C01-8A2B-4C36-AE70-54CBD55F9196}.Ad-Hoc|iPhoneSimulator.Build.0 = Release|Any CPU
		{6C7E5C01-8A2B-4C36-AE70-54CBD55F9196}.Ad-Hoc|iPhoneSimulator.Deploy.0 = Release|Any CPU
		{6C7E5C01-8A2B-4C36-AE70-54CBD55F9196}.Ad-Hoc|x64.ActiveCfg = Release|x64
		{6C7E5C01-8A2B-4C36-AE70-54CBD55F9196}.Ad-Hoc|x64.Build.0 = Release|x64
		{6C7E5C01-8A2B-4C36-AE70-54CBD55F9196}.Ad-Hoc|x64.Deploy.0 = Release|x64
		{6C7E5C01-8A2B-4C36-AE70-54CBD55F9196}.Ad-Hoc|x86.ActiveCfg = Release|x86
		{6C7E5C01-8A2B-4C36-AE70-54CBD55F9196}.Ad-Hoc|x86.Build.0 = Release|x86
		{6C7E5C01-8A2B-4C36-AE70-54CBD55F9196}.Ad-Hoc|x86.Deploy.0 = Release|x86
		{6C7E5C01-8A2B-4C36-AE70-54CBD55F9196}.AppStore|Any CPU.ActiveCfg = Release|Any CPU
		{6C7E5C01-8A2B-4C36-AE70-54CBD55F9196}.AppStore|Any CPU.Build.0 = Release|Any CPU
		{6C7E5C01-8A2B-4C36-AE70-54CBD55F9196}.AppStore|Any CPU.Deploy.0 = Release|Any CPU
		{6C7E5C01-8A2B-4C36-AE70-54CBD55F9196}.AppStore|ARM.ActiveCfg = Release|ARM
		{6C7E5C01-8A2B-4C36-AE70-54CBD55F9196}.AppStore|ARM.Build.0 = Release|ARM
		{6C7E5C01-8A2B-4C36-AE70-54CBD55F9196}.AppStore|ARM.Deploy.0 = Release|ARM
		{6C7E5C01-8A2B-4C36-AE70-54CBD55F9196}.AppStore|iPhone.ActiveCfg = Release|Any CPU
		{6C7E5C01-8A2B-4C36-AE70-54CBD55F9196}.AppStore|iPhone.Build.0 = Release|Any CPU
		{6C7E5C01-8A2B-4C36-AE70-54CBD55F9196}.AppStore|iPhone.Deploy.0 = Release|Any CPU
		{6C7E5C01-8A2B-4C36-AE70-54CBD55F9196}.AppStore|iPhoneSimulator.ActiveCfg = Release|Any CPU
		{6C7E5C01-8A2B-4C36-AE70-54CBD55F9196}.AppStore|iPhoneSimulator.Build.0 = Release|Any CPU
		{6C7E5C01-8A2B-4C36-AE70-54CBD55F9196}.AppStore|iPhoneSimulator.Deploy.0 = Release|Any CPU
		{6C7E5C01-8A2B-4C36-AE70-54CBD55F9196}.AppStore|x64.ActiveCfg = Release|x64
		{6C7E5C01-8A2B-4C36-AE70-54CBD55F9196}.AppStore|x64.Build.0 = Release|x64
		{6C7E5C01-8A2B-4C36-AE70-54CBD55F9196}.AppStore|x64.Deploy.0 = Release|x64
		{6C7E5C01-8A2B-4C36-AE70-54CBD55F9196}.AppStore|x86.ActiveCfg = Release|x86
		{6C7E5C01-8A2B-4C36-AE70-54CBD55F9196}.AppStore|x86.Build.0 = Release|x86
		{6C7E5C01-8A2B-4C36-AE70-54CBD55F9196}.AppStore|x86.Deploy.0 = Release|x86
		{6C7E5C01-8A2B-4C36-AE70-54CBD55F9196}.Debug|Any CPU.ActiveCfg = Debug|Any CPU
		{6C7E5C01-8A2B-4C36-AE70-54CBD55F9196}.Debug|Any CPU.Build.0 = Debug|Any CPU
		{6C7E5C01-8A2B-4C36-AE70-54CBD55F9196}.Debug|Any CPU.Deploy.0 = Debug|Any CPU
		{6C7E5C01-8A2B-4C36-AE70-54CBD55F9196}.Debug|ARM.ActiveCfg = Debug|ARM
		{6C7E5C01-8A2B-4C36-AE70-54CBD55F9196}.Debug|ARM.Build.0 = Debug|ARM
		{6C7E5C01-8A2B-4C36-AE70-54CBD55F9196}.Debug|ARM.Deploy.0 = Debug|ARM
		{6C7E5C01-8A2B-4C36-AE70-54CBD55F9196}.Debug|iPhone.ActiveCfg = Debug|Any CPU
		{6C7E5C01-8A2B-4C36-AE70-54CBD55F9196}.Debug|iPhone.Build.0 = Debug|Any CPU
		{6C7E5C01-8A2B-4C36-AE70-54CBD55F9196}.Debug|iPhone.Deploy.0 = Debug|Any CPU
		{6C7E5C01-8A2B-4C36-AE70-54CBD55F9196}.Debug|iPhoneSimulator.ActiveCfg = Debug|Any CPU
		{6C7E5C01-8A2B-4C36-AE70-54CBD55F9196}.Debug|iPhoneSimulator.Build.0 = Debug|Any CPU
		{6C7E5C01-8A2B-4C36-AE70-54CBD55F9196}.Debug|iPhoneSimulator.Deploy.0 = Debug|Any CPU
		{6C7E5C01-8A2B-4C36-AE70-54CBD55F9196}.Debug|x64.ActiveCfg = Debug|x64
		{6C7E5C01-8A2B-4C36-AE70-54CBD55F9196}.Debug|x64.Build.0 = Debug|x64
		{6C7E5C01-8A2B-4C36-AE70-54CBD55F9196}.Debug|x64.Deploy.0 = Debug|x64
		{6C7E5C01-8A2B-4C36-AE70-54CBD55F9196}.Debug|x86.ActiveCfg = Debug|x86
		{6C7E5C01-8A2B-4C36-AE70-54CBD55F9196}.Debug|x86.Build.0 = Debug|x86
		{6C7E5C01-8A2B-4C36-AE70-54CBD55F9196}.Debug|x86.Deploy.0 = Debug|x86
		{6C7E5C01-8A2B-4C36-AE70-54CBD55F9196}.Release|Any CPU.ActiveCfg = Release|Any CPU
		{6C7E5C01-8A2B-4C36-AE70-54CBD55F9196}.Release|Any CPU.Build.0 = Release|Any CPU
		{6C7E5C01-8A2B-4C36-AE70-54CBD55F9196}.Release|Any CPU.Deploy.0 = Release|Any CPU
		{6C7E5C01-8A2B-4C36-AE70-54CBD55F9196}.Release|ARM.ActiveCfg = Release|ARM
		{6C7E5C01-8A2B-4C36-AE70-54CBD55F9196}.Release|ARM.Build.0 = Release|ARM
		{6C7E5C01-8A2B-4C36-AE70-54CBD55F9196}.Release|ARM.Deploy.0 = Release|ARM
		{6C7E5C01-8A2B-4C36-AE70-54CBD55F9196}.Release|iPhone.ActiveCfg = Release|Any CPU
		{6C7E5C01-8A2B-4C36-AE70-54CBD55F9196}.Release|iPhone.Build.0 = Release|Any CPU
		{6C7E5C01-8A2B-4C36-AE70-54CBD55F9196}.Release|iPhone.Deploy.0 = Release|Any CPU
		{6C7E5C01-8A2B-4C36-AE70-54CBD55F9196}.Release|iPhoneSimulator.ActiveCfg = Release|Any CPU
		{6C7E5C01-8A2B-4C36-AE70-54CBD55F9196}.Release|iPhoneSimulator.Build.0 = Release|Any CPU
		{6C7E5C01-8A2B-4C36-AE70-54CBD55F9196}.Release|iPhoneSimulator.Deploy.0 = Release|Any CPU
		{6C7E5C01-8A2B-4C36-AE70-54CBD55F9196}.Release|x64.ActiveCfg = Release|x64
		{6C7E5C01-8A2B-4C36-AE70-54CBD55F9196}.Release|x64.Build.0 = Release|x64
		{6C7E5C01-8A2B-4C36-AE70-54CBD55F9196}.Release|x64.Deploy.0 = Release|x64
		{6C7E5C01-8A2B-4C36-AE70-54CBD55F9196}.Release|x86.ActiveCfg = Release|x86
		{6C7E5C01-8A2B-4C36-AE70-54CBD55F9196}.Release|x86.Build.0 = Release|x86
		{6C7E5C01-8A2B-4C36-AE70-54CBD55F9196}.Release|x86.Deploy.0 = Release|x86
		{793B9F68-A614-4A2D-A0E3-C0669D074571}.Ad-Hoc|Any CPU.ActiveCfg = Release|Any CPU
		{793B9F68-A614-4A2D-A0E3-C0669D074571}.Ad-Hoc|Any CPU.Build.0 = Release|Any CPU
		{793B9F68-A614-4A2D-A0E3-C0669D074571}.Ad-Hoc|ARM.ActiveCfg = Release|Any CPU
		{793B9F68-A614-4A2D-A0E3-C0669D074571}.Ad-Hoc|ARM.Build.0 = Release|Any CPU
		{793B9F68-A614-4A2D-A0E3-C0669D074571}.Ad-Hoc|iPhone.ActiveCfg = Release|Any CPU
		{793B9F68-A614-4A2D-A0E3-C0669D074571}.Ad-Hoc|iPhone.Build.0 = Release|Any CPU
		{793B9F68-A614-4A2D-A0E3-C0669D074571}.Ad-Hoc|iPhoneSimulator.ActiveCfg = Release|Any CPU
		{793B9F68-A614-4A2D-A0E3-C0669D074571}.Ad-Hoc|iPhoneSimulator.Build.0 = Release|Any CPU
		{793B9F68-A614-4A2D-A0E3-C0669D074571}.Ad-Hoc|x64.ActiveCfg = Release|Any CPU
		{793B9F68-A614-4A2D-A0E3-C0669D074571}.Ad-Hoc|x64.Build.0 = Release|Any CPU
		{793B9F68-A614-4A2D-A0E3-C0669D074571}.Ad-Hoc|x86.ActiveCfg = Release|Any CPU
		{793B9F68-A614-4A2D-A0E3-C0669D074571}.Ad-Hoc|x86.Build.0 = Release|Any CPU
		{793B9F68-A614-4A2D-A0E3-C0669D074571}.AppStore|Any CPU.ActiveCfg = Release|Any CPU
		{793B9F68-A614-4A2D-A0E3-C0669D074571}.AppStore|Any CPU.Build.0 = Release|Any CPU
		{793B9F68-A614-4A2D-A0E3-C0669D074571}.AppStore|ARM.ActiveCfg = Release|Any CPU
		{793B9F68-A614-4A2D-A0E3-C0669D074571}.AppStore|ARM.Build.0 = Release|Any CPU
		{793B9F68-A614-4A2D-A0E3-C0669D074571}.AppStore|iPhone.ActiveCfg = Release|Any CPU
		{793B9F68-A614-4A2D-A0E3-C0669D074571}.AppStore|iPhone.Build.0 = Release|Any CPU
		{793B9F68-A614-4A2D-A0E3-C0669D074571}.AppStore|iPhoneSimulator.ActiveCfg = Release|Any CPU
		{793B9F68-A614-4A2D-A0E3-C0669D074571}.AppStore|iPhoneSimulator.Build.0 = Release|Any CPU
		{793B9F68-A614-4A2D-A0E3-C0669D074571}.AppStore|x64.ActiveCfg = Release|Any CPU
		{793B9F68-A614-4A2D-A0E3-C0669D074571}.AppStore|x64.Build.0 = Release|Any CPU
		{793B9F68-A614-4A2D-A0E3-C0669D074571}.AppStore|x86.ActiveCfg = Release|Any CPU
		{793B9F68-A614-4A2D-A0E3-C0669D074571}.AppStore|x86.Build.0 = Release|Any CPU
		{793B9F68-A614-4A2D-A0E3-C0669D074571}.Debug|Any CPU.ActiveCfg = Debug|Any CPU
		{793B9F68-A614-4A2D-A0E3-C0669D074571}.Debug|Any CPU.Build.0 = Debug|Any CPU
		{793B9F68-A614-4A2D-A0E3-C0669D074571}.Debug|ARM.ActiveCfg = Debug|Any CPU
		{793B9F68-A614-4A2D-A0E3-C0669D074571}.Debug|ARM.Build.0 = Debug|Any CPU
		{793B9F68-A614-4A2D-A0E3-C0669D074571}.Debug|iPhone.ActiveCfg = Debug|Any CPU
		{793B9F68-A614-4A2D-A0E3-C0669D074571}.Debug|iPhone.Build.0 = Debug|Any CPU
		{793B9F68-A614-4A2D-A0E3-C0669D074571}.Debug|iPhoneSimulator.ActiveCfg = Debug|Any CPU
		{793B9F68-A614-4A2D-A0E3-C0669D074571}.Debug|iPhoneSimulator.Build.0 = Debug|Any CPU
		{793B9F68-A614-4A2D-A0E3-C0669D074571}.Debug|x64.ActiveCfg = Debug|Any CPU
		{793B9F68-A614-4A2D-A0E3-C0669D074571}.Debug|x64.Build.0 = Debug|Any CPU
		{793B9F68-A614-4A2D-A0E3-C0669D074571}.Debug|x86.ActiveCfg = Debug|Any CPU
		{793B9F68-A614-4A2D-A0E3-C0669D074571}.Debug|x86.Build.0 = Debug|Any CPU
		{793B9F68-A614-4A2D-A0E3-C0669D074571}.Release|Any CPU.ActiveCfg = Release|Any CPU
		{793B9F68-A614-4A2D-A0E3-C0669D074571}.Release|Any CPU.Build.0 = Release|Any CPU
		{793B9F68-A614-4A2D-A0E3-C0669D074571}.Release|ARM.ActiveCfg = Release|Any CPU
		{793B9F68-A614-4A2D-A0E3-C0669D074571}.Release|ARM.Build.0 = Release|Any CPU
		{793B9F68-A614-4A2D-A0E3-C0669D074571}.Release|iPhone.ActiveCfg = Release|Any CPU
		{793B9F68-A614-4A2D-A0E3-C0669D074571}.Release|iPhone.Build.0 = Release|Any CPU
		{793B9F68-A614-4A2D-A0E3-C0669D074571}.Release|iPhoneSimulator.ActiveCfg = Release|Any CPU
		{793B9F68-A614-4A2D-A0E3-C0669D074571}.Release|iPhoneSimulator.Build.0 = Release|Any CPU
		{793B9F68-A614-4A2D-A0E3-C0669D074571}.Release|x64.ActiveCfg = Release|Any CPU
		{793B9F68-A614-4A2D-A0E3-C0669D074571}.Release|x64.Build.0 = Release|Any CPU
		{793B9F68-A614-4A2D-A0E3-C0669D074571}.Release|x86.ActiveCfg = Release|Any CPU
		{793B9F68-A614-4A2D-A0E3-C0669D074571}.Release|x86.Build.0 = Release|Any CPU
	EndGlobalSection
	GlobalSection(SolutionProperties) = preSolution
		HideSolutionNode = FALSE
	EndGlobalSection
EndGlobal
